# This file is autogenerated, do not edit; changes may be undone by the next 'dep ensure'.


[[projects]]
  name = "github.com/antlinker/alog"
  packages = [
    ".",
    "buffer",
    "log",
    "manage",
    "store",
    "utils"
  ]
  revision = "736079c9dd031507459837fd7ad96b7efbd38b25"
  version = "v1.0.0"

[[projects]]
  branch = "master"
  name = "github.com/antlinker/go-cmap"
  packages = ["."]
  revision = "0c5e57012e967bde45c687c1c2937a5234fdea57"

[[projects]]
  name = "github.com/antlinker/go-mqtt"
  packages = [
    "client",
    "event",
    "mqttnet",
    "packet",
    "util"
  ]
  revision = "3ee40361dbc0d0cf23db6627230c6002f6e5196b"
  version = "0.2"

[[projects]]
  branch = "master"
  name = "github.com/antlinker/taskpool"
  packages = ["."]
  revision = "5a9cbac47a816225b50cae10d688fc8c4ad360b6"

[[projects]]
  name = "github.com/davecgh/go-spew"
  packages = ["spew"]
  revision = "346938d642f2ec3594ed81d874461961cd0faa76"
  version = "v1.1.0"

[[projects]]
  name = "github.com/pkg/errors"
  packages = ["."]
  revision = "645ef00459ed84a119197bfb8d8205042c6df63d"
  version = "v0.8.0"

[[projects]]
  branch = "master"
  name = "golang.org/x/net"
  packages = [
    "context",
    "websocket"
  ]
  revision = "afe8f62b1d6bbd81f31868121a50b06d8188e1f9"

[[projects]]
  branch = "v1"
  name = "gopkg.in/bsm/ratelimit.v1"
  packages = ["."]
  revision = "db14e161995a5177acef654cb0dd785e8ee8bc22"

[[projects]]
  branch = "v2"
  name = "gopkg.in/mgo.v2"
  packages = [
    ".",
    "bson",
    "internal/sasl",
    "internal/scram"
  ]
  revision = "d90005c5262a3463800497ea5a89aed5fe22c886"

[[projects]]
  name = "gopkg.in/olivere/elastic.v3"
  packages = [
    ".",
    "backoff",
    "uritemplates"
  ]
  revision = "2e44df9ab69c95a7da9e6f62728216a9e3553ed5"
  version = "v3.0.74"

[[projects]]
  name = "gopkg.in/redis.v3"
  packages = [
    ".",
    "internal/consistenthash",
    "internal/hashtag"
  ]
  revision = "298fdec44579d427ee4c50483e5ccda1ebdcc204"
  version = "v3.2.29"

[[projects]]
  branch = "v2"
  name = "gopkg.in/tomb.v2"
  packages = ["."]
  revision = "d5d1b5820637886def9eef33e03a27a9f166942c"

[[projects]]
  branch = "v2"
  name = "gopkg.in/yaml.v2"
  packages = ["."]
  revision = "f7716cbe52baa25d2e9b0d0da546fcf909fc16b4"

[solve-meta]
  analyzer-name = "dep"
  analyzer-version = 1
  inputs-digest = "cba72d3847f5b614acee435c4d0b1db9f6e6e0e049fe741460b3c7681142358f"
  solver-name = "gps-cdcl"
  solver-version = 1
